// !$*UTF8*$!
{
	archiveVersion = 1;
	classes = {
	};
	objectVersion = 46;
	objects = {

/* Begin PBXBuildFile section */
		01D12EEA1C643FDB00B6CF5E /* AppDelegate.swift in Sources */ = {isa = PBXBuildFile; fileRef = 01D12EE91C643FDB00B6CF5E /* AppDelegate.swift */; };
		01D12EEC1C643FDB00B6CF5E /* ViewController.swift in Sources */ = {isa = PBXBuildFile; fileRef = 01D12EEB1C643FDB00B6CF5E /* ViewController.swift */; };
		01D12EEF1C643FDB00B6CF5E /* Main.storyboard in Resources */ = {isa = PBXBuildFile; fileRef = 01D12EED1C643FDB00B6CF5E /* Main.storyboard */; };
		01D12EF11C643FDB00B6CF5E /* Assets.xcassets in Resources */ = {isa = PBXBuildFile; fileRef = 01D12EF01C643FDB00B6CF5E /* Assets.xcassets */; };
		01D12EF41C643FDB00B6CF5E /* LaunchScreen.storyboard in Resources */ = {isa = PBXBuildFile; fileRef = 01D12EF21C643FDB00B6CF5E /* LaunchScreen.storyboard */; };
		01D12EFC1C6454AE00B6CF5E /* SettingsViewController.swift in Sources */ = {isa = PBXBuildFile; fileRef = 01D12EFB1C6454AE00B6CF5E /* SettingsViewController.swift */; };
		01D12EFE1C645B3800B6CF5E /* hand132.png in Resources */ = {isa = PBXBuildFile; fileRef = 01D12EFD1C645B3800B6CF5E /* hand132.png */; };
		01D12F021C64614200B6CF5E /* tool418.png in Resources */ = {isa = PBXBuildFile; fileRef = 01D12F011C64614200B6CF5E /* tool418.png */; };
/* End PBXBuildFile section */

/* Begin PBXFileReference section */
		01D12EE61C643FDB00B6CF5E /* TipCalc.app */ = {isa = PBXFileReference; explicitFileType = wrapper.application; includeInIndex = 0; path = TipCalc.app; sourceTree = BUILT_PRODUCTS_DIR; };
		01D12EE91C643FDB00B6CF5E /* AppDelegate.swift */ = {isa = PBXFileReference; lastKnownFileType = sourcecode.swift; path = AppDelegate.swift; sourceTree = "<group>"; };
		01D12EEB1C643FDB00B6CF5E /* ViewController.swift */ = {isa = PBXFileReference; lastKnownFileType = sourcecode.swift; path = ViewController.swift; sourceTree = "<group>"; };
		01D12EEE1C643FDB00B6CF5E /* Base */ = {isa = PBXFileReference; lastKnownFileType = file.storyboard; name = Base; path = Base.lproj/Main.storyboard; sourceTree = "<group>"; };
		01D12EF01C643FDB00B6CF5E /* Assets.xcassets */ = {isa = PBXFileReference; lastKnownFileType = folder.assetcatalog; path = Assets.xcassets; sourceTree = "<group>"; };
		01D12EF31C643FDB00B6CF5E /* Base */ = {isa = PBXFileReference; lastKnownFileType = file.storyboard; name = Base; path = Base.lproj/LaunchScreen.storyboard; sourceTree = "<group>"; };
		01D12EF51C643FDB00B6CF5E /* Info.plist */ = {isa = PBXFileReference; lastKnownFileType = text.plist.xml; path = Info.plist; sourceTree = "<group>"; };
		01D12EFB1C6454AE00B6CF5E /* SettingsViewController.swift */ = {isa = PBXFileReference; fileEncoding = 4; lastKnownFileType = sourcecode.swift; path = SettingsViewController.swift; sourceTree = "<group>"; };
		01D12EFD1C645B3800B6CF5E /* hand132.png */ = {isa = PBXFileReference; lastKnownFileType = image.png; name = hand132.png; path = ../../../../Downloads/hand132.png; sourceTree = "<group>"; };
		01D12F011C64614200B6CF5E /* tool418.png */ = {isa = PBXFileReference; lastKnownFileType = image.png; name = tool418.png; path = ../../../../Downloads/tool418.png; sourceTree = "<group>"; };
/* End PBXFileReference section */

/* Begin PBXFrameworksBuildPhase section */
		01D12EE31C643FDB00B6CF5E /* Frameworks */ = {
			isa = PBXFrameworksBuildPhase;
			buildActionMask = 2147483647;
			files = (
			);
			runOnlyForDeploymentPostprocessing = 0;
		};
/* End PBXFrameworksBuildPhase section */

/* Begin PBXGroup section */
		01D12EDD1C643FDB00B6CF5E = {
			isa = PBXGroup;
			children = (
				01D12EE81C643FDB00B6CF5E /* TipCalc */,
				01D12EE71C643FDB00B6CF5E /* Products */,
			);
			sourceTree = "<group>";
		};
		01D12EE71C643FDB00B6CF5E /* Products */ = {
			isa = PBXGroup;
			children = (
				01D12EE61C643FDB00B6CF5E /* TipCalc.app */,
			);
			name = Products;
			sourceTree = "<group>";
		};
		01D12EE81C643FDB00B6CF5E /* TipCalc */ = {
			isa = PBXGroup;
			children = (
				01D12F011C64614200B6CF5E /* tool418.png */,
				01D12EFD1C645B3800B6CF5E /* hand132.png */,
				01D12EE91C643FDB00B6CF5E /* AppDelegate.swift */,
				01D12EEB1C643FDB00B6CF5E /* ViewController.swift */,
				01D12EED1C643FDB00B6CF5E /* Main.storyboard */,
				01D12EF01C643FDB00B6CF5E /* Assets.xcassets */,
				01D12EF21C643FDB00B6CF5E /* LaunchScreen.storyboard */,
				01D12EF51C643FDB00B6CF5E /* Info.plist */,
				01D12EFB1C6454AE00B6CF5E /* SettingsViewController.swift */,
			);
			path = TipCalc;
			sourceTree = "<group>";
		};
/* End PBXGroup section */

/* Begin PBXNativeTarget section */
		01D12EE51C643FDB00B6CF5E /* TipCalc */ = {
			isa = PBXNativeTarget;
			buildConfigurationList = 01D12EF81C643FDB00B6CF5E /* Build configuration list for PBXNativeTarget "TipCalc" */;
			buildPhases = (
				01D12EE21C643FDB00B6CF5E /* Sources */,
				01D12EE31C643FDB00B6CF5E /* Frameworks */,
				01D12EE41C643FDB00B6CF5E /* Resources */,
			);
			buildRules = (
			);
			dependencies = (
			);
			name = TipCalc;
			productName = TipCalc;
			productReference = 01D12EE61C643FDB00B6CF5E /* TipCalc.app */;
			productType = "com.apple.product-type.application";
		};
/* End PBXNativeTarget section */

/* Begin PBXProject section */
		01D12EDE1C643FDB00B6CF5E /* Project object */ = {
			isa = PBXProject;
			attributes = {
				LastSwiftUpdateCheck = 0720;
				LastUpgradeCheck = 0720;
				ORGANIZATIONNAME = thien;
				TargetAttributes = {
					01D12EE51C643FDB00B6CF5E = {
						CreatedOnToolsVersion = 7.2;
					};
				};
			};
			buildConfigurationList = 01D12EE11C643FDB00B6CF5E /* Build configuration list for PBXProject "TipCalc" */;
			compatibilityVersion = "Xcode 3.2";
			developmentRegion = English;
			hasScannedForEncodings = 0;
			knownRegions = (
				en,
				Base,
			);
			mainGroup = 01D12EDD1C643FDB00B6CF5E;
			productRefGroup = 01D12EE71C643FDB00B6CF5E /* Products */;
			projectDirPath = "";
			projectRoot = "";
			targets = (
				01D12EE51C643FDB00B6CF5E /* TipCalc */,
			);
		};
/* End PBXProject section */

/* Begin PBXResourcesBuildPhase section */
		01D12EE41C643FDB00B6CF5E /* Resources */ = {
			isa = PBXResourcesBuildPhase;
			buildActionMask = 2147483647;
			files = (
				01D12EF41C643FDB00B6CF5E /* LaunchScreen.storyboard in Resources */,
				01D12EF11C643FDB00B6CF5E /* Assets.xcassets in Resources */,
				01D12EEF1C643FDB00B6CF5E /* Main.storyboard in Resources */,
				01D12F021C64614200B6CF5E /* tool418.png in Resources */,
				01D12EFE1C645B3800B6CF5E /* hand132.png in Resources */,
			);
			runOnlyForDeploymentPostprocessing = 0;
		};
/* End PBXResourcesBuildPhase section */

/* Begin PBXSourcesBuildPhase section */
		01D12EE21C643FDB00B6CF5E /* Sources */ = {
			isa = PBXSourcesBuildPhase;
			buildActionMask = 2147483647;
			files = (
				01D12EEC1C643FDB00B6CF5E /* ViewController.swift in Sources */,
				01D12EEA1C643FDB00B6CF5E /* AppDelegate.swift in Sources */,
				01D12EFC1C6454AE00B6CF5E /* SettingsViewController.swift in Sources */,
			);
			runOnlyForDeploymentPostprocessing = 0;
		};
/* End PBXSourcesBuildPhase section */

/* Begin PBXVariantGroup section */
		01D12EED1C643FDB00B6CF5E /* Main.storyboard */ = {
			isa = PBXVariantGroup;
			children = (
				01D12EEE1C643FDB00B6CF5E /* Base */,
			);
			name = Main.storyboard;
			sourceTree = "<group>";
		};
		01D12EF21C643FDB00B6CF5E /* LaunchScreen.storyboard */ = {
			isa = PBXVariantGroup;
			children = (
				01D12EF31C643FDB00B6CF5E /* Base */,
			);
			name = LaunchScreen.storyboard;
			sourceTree = "<group>";
		};
/* End PBXVariantGroup section */

/* Begin XCBuildConfiguration section */
		01D12EF61C643FDB00B6CF5E /* Debug */ = {
			isa = XCBuildConfiguration;
			buildSettings = {
				ALWAYS_SEARCH_USER_PATHS = NO;
				CLANG_CXX_LANGUAGE_STANDARD = "gnu++0x";
				CLANG_CXX_LIBRARY = "libc++";
				CLANG_ENABLE_MODULES = YES;
				CLANG_ENABLE_OBJC_ARC = YES;
				CLANG_WARN_BOOL_CONVERSION = YES;
				CLANG_WARN_CONSTANT_CONVERSION = YES;
				CLANG_WARN_DIRECT_OBJC_ISA_USAGE = YES_ERROR;
				CLANG_WARN_EMPTY_BODY = YES;
				CLANG_WARN_ENUM_CONVERSION = YES;
				CLANG_WARN_INT_CONVERSION = YES;
				CLANG_WARN_OBJC_ROOT_CLASS = YES_ERROR;
				CLANG_WARN_UNREACHABLE_CODE = YES;
				CLANG_WARN__DUPLICATE_METHOD_MATCH = YES;
				"CODE_SIGN_IDENTITY[sdk=iphoneos*]" = "iPhone Developer";
				COPY_PHASE_STRIP = NO;
				DEBUG_INFORMATION_FORMAT = dwarf;
				ENABLE_STRICT_OBJC_MSGSEND = YES;
				ENABLE_TESTABILITY = YES;
				GCC_C_LANGUAGE_STANDARD = gnu99;
				GCC_DYNAMIC_NO_PIC = NO;
				GCC_NO_COMMON_BLOCKS = YES;
				GCC_OPTIMIZATION_LEVEL = 0;
				GCC_PREPROCESSOR_DEFINITIONS = (
					"DEBUG=1",
					"$(inherited)",
				);
				GCC_WARN_64_TO_32_BIT_CONVERSION = YES;
				GCC_WARN_ABOUT_RETURN_TYPE = YES_ERROR;
				GCC_WARN_UNDECLARED_SELECTOR = YES;
				GCC_WARN_UNINITIALIZED_AUTOS = YES_AGGRESSIVE;
				GCC_WARN_UNUSED_FUNCTION = YES;
				GCC_WARN_UNUSED_VARIABLE = YES;
				IPHONEOS_DEPLOYMENT_TARGET = 9.2;
				MTL_ENABLE_DEBUG_INFO = YES;
				ONLY_ACTIVE_ARCH = YES;
				SDKROOT = iphoneos;
				SWIFT_OPTIMIZATION_LEVEL = "-Onone";
				TARGETED_DEVICE_FAMILY = "1,2";
			};
			name = Debug;
		};
		01D12EF71C643FDB00B6CF5E /* Release */ = {
			isa = XCBuildConfiguration;
			buildSettings = {
				ALWAYS_SEARCH_USER_PATHS = NO;
				CLANG_CXX_LANGUAGE_STANDARD = "gnu++0x";
				CLANG_CXX_LIBRARY = "libc++";
				CLANG_ENABLE_MODULES = YES;
				CLANG_ENABLE_OBJC_ARC = YES;
				CLANG_WARN_BOOL_CONVERSION = YES;
				CLANG_WARN_CONSTANT_CONVERSION = YES;
				CLANG_WARN_DIRECT_OBJC_ISA_USAGE = YES_ERROR;
				CLANG_WARN_EMPTY_BODY = YES;
				CLANG_WARN_ENUM_CONVERSION = YES;
				CLANG_WARN_INT_CONVERSION = YES;
				CLANG_WARN_OBJC_ROOT_CLASS = YES_ERROR;
				CLANG_WARN_UNREACHABLE_CODE = YES;
				CLANG_WARN__DUPLICATE_METHOD_MATCH = YES;
				"CODE_SIGN_IDENTITY[sdk=iphoneos*]" = "iPhone Developer";
				COPY_PHASE_STRIP = NO;
				DEBUG_INFORMATION_FORMAT = "dwarf-with-dsym";
				ENABLE_NS_ASSERTIONS = NO;
				ENABLE_STRICT_OBJC_MSGSEND = YES;
				GCC_C_LANGUAGE_STANDARD = gnu99;
				GCC_NO_COMMON_BLOCKS = YES;
				GCC_WARN_64_TO_32_BIT_CONVERSION = YES;
				GCC_WARN_ABOUT_RETURN_TYPE = YES_ERROR;
				GCC_WARN_UNDECLARED_SELECTOR = YES;
				GCC_WARN_UNINITIALIZED_AUTOS = YES_AGGRESSIVE;
				GCC_WARN_UNUSED_FUNCTION = YES;
				GCC_WARN_UNUSED_VARIABLE = YES;
				IPHONEOS_DEPLOYMENT_TARGET = 9.2;
				MTL_ENABLE_DEBUG_INFO = NO;
				SDKROOT = iphoneos;
				TARGETED_DEVICE_FAMILY = "1,2";
				VALIDATE_PRODUCT = YES;
			};
			name = Release;
		};
		01D12EF91C643FDB00B6CF5E /* Debug */ = {
			isa = XCBuildConfiguration;
			buildSettings = {
				ASSETCATALOG_COMPILER_APPICON_NAME = AppIcon;
				INFOPLIST_FILE = TipCalc/Info.plist;
				LD_RUNPATH_SEARCH_PATHS = "$(inherited) @executable_path/Frameworks";
				PRODUCT_BUNDLE_IDENTIFIER = TipCalc.thespartateam.com.TipCalc;
				PRODUCT_NAME = "$(TARGET_NAME)";
			};
			name = Debug;
		};
		01D12EFA1C643FDB00B6CF5E /* Release */ = {
			isa = XCBuildConfiguration;
			buildSettings = {
				ASSETCATALOG_COMPILER_APPICON_NAME = AppIcon;
				INFOPLIST_FILE = TipCalc/Info.plist;
				LD_RUNPATH_SEARCH_PATHS = "$(inherited) @executable_path/Frameworks";
				PRODUCT_BUNDLE_IDENTIFIER = TipCalc.thespartateam.com.TipCalc;
				PRODUCT_NAME = "$(TARGET_NAME)";
			};
			name = Release;
		};
/* End XCBuildConfiguration section */

/* Begin XCConfigurationList section */
		01D12EE11C643FDB00B6CF5E /* Build configuration list for PBXProject "TipCalc" */ = {
			isa = XCConfigurationList;
			buildConfigurations = (
				01D12EF61C643FDB00B6CF5E /* Debug */,
				01D12EF71C643FDB00B6CF5E /* Release */,
			);
			defaultConfigurationIsVisible = 0;
			defaultConfigurationName = Release;
		};
		01D12EF81C643FDB00B6CF5E /* Build configuration list for PBXNativeTarget "TipCalc" */ = {
			isa = XCConfigurationList;
			buildConfigurations = (
				01D12EF91C643FDB00B6CF5E /* Debug */,
				01D12EFA1C643FDB00B6CF5E /* Release */,
			);
			defaultConfigurationIsVisible = 0;
		};
/* End XCConfigurationList section */
	};
	rootObject = 01D12EDE1C643FDB00B6CF5E /* Project object */;
}
